
Microsoft Visual Studio Solution File, Format Version 12.00
# Visual Studio 15
VisualStudioVersion = 15.0.26430.16
MinimumVisualStudioVersion = 10.0.40219.1
Project("{FAE04EC0-301F-11D3-BF4B-00C04F79EFBC}") = "FirstUnitTest", "FirstUnitTest\FirstUnitTest.csproj", "{C9F9F70E-C9F1-4F40-BDB9-A7A69C028F21}"
EndProject
Project("{FAE04EC0-301F-11D3-BF4B-00C04F79EFBC}") = "FirstUnitTest.Test", "FirstUnitTest.Test\FirstUnitTest.Test.csproj", "{D8E5611E-3058-4D1C-83CE-C98EC1E25E0E}"
EndProject
Project("{2150E333-8FDC-42A3-9474-1A3956D46DE8}") = "0. First Unit Test", "0. First Unit Test", "{4725B549-2C0A-4B55-B6D2-1352D809F4D6}"
EndProject
Project("{FAE04EC0-301F-11D3-BF4B-00C04F79EFBC}") = "SampleStub", "SampleStub\SampleStub.csproj", "{5716F437-4BD6-405B-AA9E-56CBB9DC6896}"
EndProject
Project("{FAE04EC0-301F-11D3-BF4B-00C04F79EFBC}") = "SampleStub.Test", "SampleStubTest\SampleStub.Test.csproj", "{A4509D28-F5F6-4EF3-A514-068D878257A8}"
EndProject
Project("{2150E333-8FDC-42A3-9474-1A3956D46DE8}") = "Sample Stub", "Sample Stub", "{6152BBC4-61C2-46F4-90A6-94050664E8B3}"
EndProject
Project("{FAE04EC0-301F-11D3-BF4B-00C04F79EFBC}") = "SampleMock", "SampleMock\SampleMock.csproj", "{D16A5C6E-BC11-42A9-9B71-50C1D3A9291C}"
EndProject
Project("{FAE04EC0-301F-11D3-BF4B-00C04F79EFBC}") = "SampleMock.Test", "SampleMockTest\SampleMock.Test.csproj", "{06FD294E-CFC3-4E49-A93C-F86F808573DC}"
EndProject
Project("{2150E333-8FDC-42A3-9474-1A3956D46DE8}") = "Sample Mock", "Sample Mock", "{F90ED3A6-BB18-4845-A280-788959754229}"
EndProject
Project("{FAE04EC0-301F-11D3-BF4B-00C04F79EFBC}") = "GradeCalculator", "GradeCalculator\GradeCalculator.csproj", "{D616DA32-6900-4DDC-945C-87CA1E22DE9E}"
EndProject
Project("{FAE04EC0-301F-11D3-BF4B-00C04F79EFBC}") = "GradeCalculator.Test", "GradeCalculator.Test\GradeCalculator.Test.csproj", "{F3F7B3F1-DA1E-401D-AC5C-C14FECBC53D1}"
EndProject
Project("{2150E333-8FDC-42A3-9474-1A3956D46DE8}") = "1. Grade Calculator", "1. Grade Calculator", "{4297A8B1-4F43-470B-95AF-9AD7591CDEA6}"
EndProject
Project("{FAE04EC0-301F-11D3-BF4B-00C04F79EFBC}") = "WorkshopStub", "WorkshopStub\WorkshopStub.csproj", "{72CE8C00-434C-48A2-A552-797DDB05921A}"
EndProject
Project("{FAE04EC0-301F-11D3-BF4B-00C04F79EFBC}") = "WorkshopStub.Test", "WorkshopStub.Test\WorkshopStub.Test.csproj", "{0037DD9D-D76A-479A-822F-EFDCB2DEAEA9}"
EndProject
Project("{2150E333-8FDC-42A3-9474-1A3956D46DE8}") = "3. Stub", "3. Stub", "{9280852C-CB67-4B46-9C4B-E577319D8EA6}"
EndProject
Global
	GlobalSection(SolutionConfigurationPlatforms) = preSolution
		Debug|Any CPU = Debug|Any CPU
		Release|Any CPU = Release|Any CPU
	EndGlobalSection
	GlobalSection(ProjectConfigurationPlatforms) = postSolution
		{C9F9F70E-C9F1-4F40-BDB9-A7A69C028F21}.Debug|Any CPU.ActiveCfg = Debug|Any CPU
		{C9F9F70E-C9F1-4F40-BDB9-A7A69C028F21}.Debug|Any CPU.Build.0 = Debug|Any CPU
		{C9F9F70E-C9F1-4F40-BDB9-A7A69C028F21}.Release|Any CPU.ActiveCfg = Release|Any CPU
		{C9F9F70E-C9F1-4F40-BDB9-A7A69C028F21}.Release|Any CPU.Build.0 = Release|Any CPU
		{D8E5611E-3058-4D1C-83CE-C98EC1E25E0E}.Debug|Any CPU.ActiveCfg = Debug|Any CPU
		{D8E5611E-3058-4D1C-83CE-C98EC1E25E0E}.Debug|Any CPU.Build.0 = Debug|Any CPU
		{D8E5611E-3058-4D1C-83CE-C98EC1E25E0E}.Release|Any CPU.ActiveCfg = Release|Any CPU
		{D8E5611E-3058-4D1C-83CE-C98EC1E25E0E}.Release|Any CPU.Build.0 = Release|Any CPU
		{5716F437-4BD6-405B-AA9E-56CBB9DC6896}.Debug|Any CPU.ActiveCfg = Debug|Any CPU
		{5716F437-4BD6-405B-AA9E-56CBB9DC6896}.Debug|Any CPU.Build.0 = Debug|Any CPU
		{5716F437-4BD6-405B-AA9E-56CBB9DC6896}.Release|Any CPU.ActiveCfg = Release|Any CPU
		{5716F437-4BD6-405B-AA9E-56CBB9DC6896}.Release|Any CPU.Build.0 = Release|Any CPU
		{A4509D28-F5F6-4EF3-A514-068D878257A8}.Debug|Any CPU.ActiveCfg = Debug|Any CPU
		{A4509D28-F5F6-4EF3-A514-068D878257A8}.Debug|Any CPU.Build.0 = Debug|Any CPU
		{A4509D28-F5F6-4EF3-A514-068D878257A8}.Release|Any CPU.ActiveCfg = Release|Any CPU
		{A4509D28-F5F6-4EF3-A514-068D878257A8}.Release|Any CPU.Build.0 = Release|Any CPU
		{D16A5C6E-BC11-42A9-9B71-50C1D3A9291C}.Debug|Any CPU.ActiveCfg = Debug|Any CPU
		{D16A5C6E-BC11-42A9-9B71-50C1D3A9291C}.Debug|Any CPU.Build.0 = Debug|Any CPU
		{D16A5C6E-BC11-42A9-9B71-50C1D3A9291C}.Release|Any CPU.ActiveCfg = Release|Any CPU
		{D16A5C6E-BC11-42A9-9B71-50C1D3A9291C}.Release|Any CPU.Build.0 = Release|Any CPU
		{06FD294E-CFC3-4E49-A93C-F86F808573DC}.Debug|Any CPU.ActiveCfg = Debug|Any CPU
		{06FD294E-CFC3-4E49-A93C-F86F808573DC}.Debug|Any CPU.Build.0 = Debug|Any CPU
		{06FD294E-CFC3-4E49-A93C-F86F808573DC}.Release|Any CPU.ActiveCfg = Release|Any CPU
		{06FD294E-CFC3-4E49-A93C-F86F808573DC}.Release|Any CPU.Build.0 = Release|Any CPU
		{D616DA32-6900-4DDC-945C-87CA1E22DE9E}.Debug|Any CPU.ActiveCfg = Debug|Any CPU
		{D616DA32-6900-4DDC-945C-87CA1E22DE9E}.Debug|Any CPU.Build.0 = Debug|Any CPU
		{D616DA32-6900-4DDC-945C-87CA1E22DE9E}.Release|Any CPU.ActiveCfg = Release|Any CPU
		{D616DA32-6900-4DDC-945C-87CA1E22DE9E}.Release|Any CPU.Build.0 = Release|Any CPU
		{F3F7B3F1-DA1E-401D-AC5C-C14FECBC53D1}.Debug|Any CPU.ActiveCfg = Debug|Any CPU
		{F3F7B3F1-DA1E-401D-AC5C-C14FECBC53D1}.Debug|Any CPU.Build.0 = Debug|Any CPU
		{F3F7B3F1-DA1E-401D-AC5C-C14FECBC53D1}.Release|Any CPU.ActiveCfg = Release|Any CPU
		{F3F7B3F1-DA1E-401D-AC5C-C14FECBC53D1}.Release|Any CPU.Build.0 = Release|Any CPU
		{72CE8C00-434C-48A2-A552-797DDB05921A}.Debug|Any CPU.ActiveCfg = Debug|Any CPU
		{72CE8C00-434C-48A2-A552-797DDB05921A}.Debug|Any CPU.Build.0 = Debug|Any CPU
		{72CE8C00-434C-48A2-A552-797DDB05921A}.Release|Any CPU.ActiveCfg = Release|Any CPU
		{72CE8C00-434C-48A2-A552-797DDB05921A}.Release|Any CPU.Build.0 = Release|Any CPU
		{0037DD9D-D76A-479A-822F-EFDCB2DEAEA9}.Debug|Any CPU.ActiveCfg = Debug|Any CPU
		{0037DD9D-D76A-479A-822F-EFDCB2DEAEA9}.Debug|Any CPU.Build.0 = Debug|Any CPU
		{0037DD9D-D76A-479A-822F-EFDCB2DEAEA9}.Release|Any CPU.ActiveCfg = Release|Any CPU
		{0037DD9D-D76A-479A-822F-EFDCB2DEAEA9}.Release|Any CPU.Build.0 = Release|Any CPU
	EndGlobalSection
	GlobalSection(SolutionProperties) = preSolution
		HideSolutionNode = FALSE
	EndGlobalSection
	GlobalSection(NestedProjects) = preSolution
		{C9F9F70E-C9F1-4F40-BDB9-A7A69C028F21} = {4725B549-2C0A-4B55-B6D2-1352D809F4D6}
		{D8E5611E-3058-4D1C-83CE-C98EC1E25E0E} = {4725B549-2C0A-4B55-B6D2-1352D809F4D6}
		{5716F437-4BD6-405B-AA9E-56CBB9DC6896} = {6152BBC4-61C2-46F4-90A6-94050664E8B3}
		{A4509D28-F5F6-4EF3-A514-068D878257A8} = {6152BBC4-61C2-46F4-90A6-94050664E8B3}
		{D16A5C6E-BC11-42A9-9B71-50C1D3A9291C} = {F90ED3A6-BB18-4845-A280-788959754229}
		{06FD294E-CFC3-4E49-A93C-F86F808573DC} = {F90ED3A6-BB18-4845-A280-788959754229}
		{D616DA32-6900-4DDC-945C-87CA1E22DE9E} = {4297A8B1-4F43-470B-95AF-9AD7591CDEA6}
		{F3F7B3F1-DA1E-401D-AC5C-C14FECBC53D1} = {4297A8B1-4F43-470B-95AF-9AD7591CDEA6}
		{72CE8C00-434C-48A2-A552-797DDB05921A} = {9280852C-CB67-4B46-9C4B-E577319D8EA6}
		{0037DD9D-D76A-479A-822F-EFDCB2DEAEA9} = {9280852C-CB67-4B46-9C4B-E577319D8EA6}
	EndGlobalSection
EndGlobal
